
Microsoft Visual Studio Solution File, Format Version 12.00
# Visual Studio Version 16
VisualStudioVersion = 16.0.30523.141
MinimumVisualStudioVersion = 10.0.40219.1
Project("{FAE04EC0-301F-11D3-BF4B-00C04F79EFBC}") = "Final teacher tool kit", "Final teacher tool kit\Final teacher tool kit.csproj", "{F1E787B1-F11E-45C2-9939-D461711B1583}"
EndProject
Global
	GlobalSection(SolutionConfigurationPlatforms) = preSolution
		Debug|Any CPU = Debug|Any CPU
		Release|Any CPU = Release|Any CPU
	EndGlobalSection
	GlobalSection(ProjectConfigurationPlatforms) = postSolution
		{F1E787B1-F11E-45C2-9939-D461711B1583}.Debug|Any CPU.ActiveCfg = Debug|Any CPU
		{F1E787B1-F11E-45C2-9939-D461711B1583}.Debug|Any CPU.Build.0 = Debug|Any CPU
		{F1E787B1-F11E-45C2-9939-D461711B1583}.Release|Any CPU.ActiveCfg = Release|Any CPU
		{F1E787B1-F11E-45C2-9939-D461711B1583}.Release|Any CPU.Build.0 = Release|Any CPU
	EndGlobalSection
	GlobalSection(SolutionProperties) = preSolution
		HideSolutionNode = FALSE
	EndGlobalSection
	GlobalSection(ExtensibilityGlobals) = postSolution
		SolutionGuid = {D598D526-DB8E-4CD0-ACAC-15EE9E114D0F}
	EndGlobalSection
EndGlobal
